# This file is autogenerated, do not edit; changes may be undone by the next 'dep ensure'.


[[projects]]
  digest = "1:4d6f036ea3fe636bcb2e89850bcdc62a771354e157cd51b8b22a2de8562bf663"
  name = "cloud.google.com/go"
  packages = ["compute/metadata"]
  pruneopts = "UT"
  revision = "fcb9a2d5f791d07be64506ab54434de65989d370"
  version = "v0.37.4"

[[projects]]
  digest = "1:6b1426cad7057b717351eacf5b6fe70f053f11aac1ce254bbf2fd72c031719eb"
  name = "contrib.go.opencensus.io/exporter/ocagent"
  packages = ["."]
  pruneopts = "UT"
  revision = "dcb33c7f3b7cfe67e8a2cea10207ede1b7c40764"
  version = "v0.4.12"

[[projects]]
  digest = "1:28d10a9fa2e3e2d57f804c988278c9d23323d16027e9e51b59ed99d87f3c2bb4"
  name = "github.com/Azure/go-autorest"
  packages = [
    "autorest",
    "autorest/adal",
    "autorest/azure",
    "autorest/date",
    "logger",
    "tracing",
  ]
  pruneopts = "UT"
  revision = "fe1ebaab71ae2a2ab8a55f62ebe54cffd842acc2"
  version = "v12.0.0"

[[projects]]
  branch = "master"
  digest = "1:e8891cd354f2af940345f895d5698ab1ed439196d4f69eb44817fc91e80354c1"
  name = "github.com/c2h5oh/datasize"
  packages = ["."]
  pruneopts = "UT"
  revision = "4eba002a5eaea69cf8d235a388fc6b65ae68d2dd"

[[projects]]
  digest = "1:fdb4ed936abeecb46a8c27dcac83f75c05c87a46d9ec7711411eb785c213fa02"
  name = "github.com/census-instrumentation/opencensus-proto"
  packages = [
    "gen-go/agent/common/v1",
    "gen-go/agent/metrics/v1",
    "gen-go/agent/trace/v1",
    "gen-go/metrics/v1",
    "gen-go/resource/v1",
    "gen-go/trace/v1",
  ]
  pruneopts = "UT"
  revision = "a105b96453fe85139acc07b68de48f2cbdd71249"
  version = "v0.2.0"

[[projects]]
  digest = "1:ffe9824d294da03b391f44e1ae8281281b4afc1bdaa9588c9097785e3af10cec"
  name = "github.com/davecgh/go-spew"
  packages = ["spew"]
  pruneopts = "UT"
  revision = "8991bc29aa16c548c550c7ff78260e27b9ab7c73"
  version = "v1.1.1"

[[projects]]
  digest = "1:76dc72490af7174349349838f2fe118996381b31ea83243812a97e5a0fd5ed55"
  name = "github.com/dgrijalva/jwt-go"
  packages = ["."]
  pruneopts = "UT"
  revision = "06ea1031745cb8b3dab3f6a236daf2b0aa468b7e"
  version = "v3.2.0"

[[projects]]
  branch = "master"
  digest = "1:ecdc8e0fe3bc7d549af1c9c36acf3820523b707d6c071b6d0c3860882c6f7b42"
  name = "github.com/docker/spdystream"
  packages = [
    ".",
    "spdy",
  ]
  pruneopts = "UT"
  revision = "6480d4af844c189cf5dd913db24ddd339d3a4f85"

[[projects]]
  digest = "1:36a5ff9459163d104f2af9776c8db63f3eb4339f527a00a9835c8d562eb116ba"
  name = "github.com/evanphx/json-patch"
  packages = ["."]
  pruneopts = "UT"
  revision = "5858425f75500d40c52783dce87d085a483ce135"
  version = "v4.2.0"

[[projects]]
  digest = "1:abeb38ade3f32a92943e5be54f55ed6d6e3b6602761d74b4aab4c9dd45c18abd"
  name = "github.com/fsnotify/fsnotify"
  packages = ["."]
  pruneopts = "UT"
  revision = "c2828203cd70a50dcccfb2761f8b1f8ceef9a8e9"
  version = "v1.4.7"

[[projects]]
  digest = "1:4d02824a56d268f74a6b6fdd944b20b58a77c3d70e81008b3ee0c4f1a6777340"
  name = "github.com/gogo/protobuf"
  packages = [
    "proto",
    "sortkeys",
  ]
  pruneopts = "UT"
  revision = "ba06b47c162d49f2af050fb4c75bcbc86a159d5c"
  version = "v1.2.1"

[[projects]]
  digest = "1:489a99067cd08971bd9c1ee0055119ba8febc1429f9200ab0bec68d35e8c4833"
  name = "github.com/golang/protobuf"
  packages = [
    "jsonpb",
    "proto",
    "protoc-gen-go/descriptor",
    "protoc-gen-go/generator",
    "protoc-gen-go/generator/internal/remap",
    "protoc-gen-go/plugin",
    "ptypes",
    "ptypes/any",
    "ptypes/duration",
    "ptypes/struct",
    "ptypes/timestamp",
    "ptypes/wrappers",
  ]
  pruneopts = "UT"
  revision = "b5d812f8a3706043e23a9cd5babf2e5423744d30"
  version = "v1.3.1"

[[projects]]
  digest = "1:a6181aca1fd5e27103f9a920876f29ac72854df7345a39f3b01e61c8c94cc8af"
  name = "github.com/google/gofuzz"
  packages = ["."]
  pruneopts = "UT"
  revision = "f140a6486e521aad38f5917de355cbf147cc0496"
  version = "v1.0.0"

[[projects]]
  digest = "1:65c4414eeb350c47b8de71110150d0ea8a281835b1f386eacaa3ad7325929c21"
  name = "github.com/googleapis/gnostic"
  packages = [
    "OpenAPIv2",
    "compiler",
    "extensions",
  ]
  pruneopts = "UT"
  revision = "7c663266750e7d82587642f65e60bc4083f1f84e"
  version = "v0.2.0"

[[projects]]
  branch = "master"
  digest = "1:cc45ef4fed27b5ce6d319d6a4212a34a3d5ccdb475748ac0a04f9305bce7c29d"
  name = "github.com/gophercloud/gophercloud"
  packages = [
    ".",
    "openstack",
    "openstack/identity/v2/tenants",
    "openstack/identity/v2/tokens",
    "openstack/identity/v3/tokens",
    "openstack/utils",
    "pagination",
  ]
  pruneopts = "UT"
  revision = "fe629955684802399c46e2a8e9aeecc4459d2923"

[[projects]]
  digest = "1:d5f97fc268267ec1b61c3453058c738246fc3e746f14b1ae25161513b7367b0c"
  name = "github.com/gorilla/mux"
  packages = ["."]
  pruneopts = "UT"
  revision = "c5c6c98bc25355028a63748a498942a6398ccd22"
  version = "v1.7.1"

[[projects]]
  digest = "1:4cbbca3db0ff89197d000fb2fa0b90ca4516a7fbd4d8cd9fa4bebf17df484f6d"
  name = "github.com/grpc-ecosystem/grpc-gateway"
  packages = [
    "internal",
    "runtime",
    "utilities",
  ]
  pruneopts = "UT"
  revision = "20f268a412e5b342ebfb1a0eef7c3b7bd6c260ea"
  version = "v1.8.5"

[[projects]]
  digest = "1:88e0b0baeb9072f0a4afbcf12dda615fc8be001d1802357538591155998da21b"
  name = "github.com/hashicorp/go-version"
  packages = ["."]
  pruneopts = "UT"
  revision = "ac23dc3fea5d1a983c43f6a0f6e2c13f0195d8bd"
  version = "v1.2.0"

[[projects]]
  digest = "1:67474f760e9ac3799f740db2c489e6423a4cde45520673ec123ac831ad849cb8"
  name = "github.com/hashicorp/golang-lru"
  packages = ["simplelru"]
  pruneopts = "UT"
  revision = "7087cb70de9f7a8bc0a10c375cb0d2280a8edf9c"
  version = "v0.5.1"

[[projects]]
  digest = "1:c0d19ab64b32ce9fe5cf4ddceba78d5bc9807f0016db6b1183599da3dcc24d10"
  name = "github.com/hashicorp/hcl"
  packages = [
    ".",
    "hcl/ast",
    "hcl/parser",
    "hcl/printer",
    "hcl/scanner",
    "hcl/strconv",
    "hcl/token",
    "json/parser",
    "json/scanner",
    "json/token",
  ]
  pruneopts = "UT"
  revision = "8cb6e5b959231cc1119e43259c4a608f9c51a241"
  version = "v1.0.0"

[[projects]]
  digest = "1:a0cefd27d12712af4b5018dc7046f245e1e3b5760e2e848c30b171b570708f9b"
  name = "github.com/imdario/mergo"
  packages = ["."]
  pruneopts = "UT"
  revision = "7c29201646fa3de8506f701213473dd407f19646"
  version = "v0.3.7"

[[projects]]
  digest = "1:870d441fe217b8e689d7949fef6e43efbc787e50f200cb1e70dbca9204a1d6be"
  name = "github.com/inconshreveable/mousetrap"
  packages = ["."]
  pruneopts = "UT"
  revision = "76626ae9c91c4f2a10f34cad8ce83ea42c93bb75"
  version = "v1.0"

[[projects]]
  digest = "1:f5a2051c55d05548d2d4fd23d244027b59fbd943217df8aa3b5e170ac2fd6e1b"
  name = "github.com/json-iterator/go"
  packages = ["."]
  pruneopts = "UT"
  revision = "0ff49de124c6f76f8494e194af75bde0f1a49a29"
  version = "v1.1.6"

[[projects]]
  digest = "1:31e761d97c76151dde79e9d28964a812c46efc5baee4085b86f68f0c654450de"
  name = "github.com/konsorten/go-windows-terminal-sequences"
  packages = ["."]
  pruneopts = "UT"
  revision = "f55edac94c9bbba5d6182a4be46d86a2c9b5b50e"
  version = "v1.0.2"

[[projects]]
  branch = "master"
  digest = "1:7ccfdc2140e46a65dfac8a7104c4f64419317f310e08cdf31f05209c5ad77a22"
  name = "github.com/kylelemons/godebug"
  packages = [
    "diff",
    "pretty",
  ]
  pruneopts = "UT"
  revision = "d65d576e9348f5982d7f6d83682b694e731a45c6"

[[projects]]
  digest = "1:c568d7727aa262c32bdf8a3f7db83614f7af0ed661474b24588de635c20024c7"
  name = "github.com/magiconair/properties"
  packages = ["."]
  pruneopts = "UT"
  revision = "c2353362d570a7bfa228149c62842019201cfb71"
  version = "v1.8.0"

[[projects]]
  digest = "1:53bc4cd4914cd7cd52139990d5170d6dc99067ae31c56530621b18b35fc30318"
  name = "github.com/mitchellh/mapstructure"
  packages = ["."]
  pruneopts = "UT"
  revision = "3536a929edddb9a5b34bd6861dc4a9647cb459fe"
  version = "v1.1.2"

[[projects]]
  digest = "1:33422d238f147d247752996a26574ac48dcf472976eda7f5134015f06bf16563"
  name = "github.com/modern-go/concurrent"
  packages = ["."]
  pruneopts = "UT"
  revision = "bacd9c7ef1dd9b15be4a9909b8ac7a4e313eec94"
  version = "1.0.3"

[[projects]]
  digest = "1:e32bdbdb7c377a07a9a46378290059822efdce5c8d96fe71940d87cb4f918855"
  name = "github.com/modern-go/reflect2"
  packages = ["."]
  pruneopts = "UT"
  revision = "4b7aa43c6742a2c18fdef89dd197aaae7dac7ccd"
  version = "1.0.1"

[[projects]]
  digest = "1:2fbaaf0da25955483492807f6dc96995f61f8bda296b243c74e6c4ecc274b91b"
  name = "github.com/onsi/ginkgo"
  packages = [
    "config",
    "reporters",
    "reporters/stenographer",
    "types",
  ]
  pruneopts = "UT"
  revision = "eea6ad008b96acdaa524f5b409513bf062b500ad"
  version = "v1.8.0"

[[projects]]
  digest = "1:e0f50a07c0def90588d69f77178712c6fdc67eb6576365f551cce98b44b501bf"
  name = "github.com/pelletier/go-toml"
  packages = ["."]
  pruneopts = "UT"
  revision = "63909f0a90ab0f36909e8e044e46ace10cf13ba2"
  version = "v1.3.0"

[[projects]]
  digest = "1:cf31692c14422fa27c83a05292eb5cbe0fb2775972e8f1f8446a71549bd8980b"
  name = "github.com/pkg/errors"
  packages = ["."]
  pruneopts = "UT"
  revision = "ba968bfe8b2f7e042a574c888954fccecfa385b4"
  version = "v0.8.1"

[[projects]]
  digest = "1:1a23fdd843129ef761ffe7651bc5fe7c5b09fbe933e92783ab06cc11c37b7b37"
  name = "github.com/rifflock/lfshook"
  packages = ["."]
  pruneopts = "UT"
  revision = "b9218ef580f59a2e72dad1aa33d660150445d05a"
  version = "v2.4"

[[projects]]
  branch = "master"
  digest = "1:a3b8912deeef29007fab9a13a9f21b9e9b59c621a2ed61e2fe7b37320a71fbd5"
  name = "github.com/satori/go.uuid"
  packages = ["."]
  pruneopts = "UT"
  revision = "b2ce2384e17bbe0c6d34077efa39dbab3e09123b"

[[projects]]
  branch = "master"
  digest = "1:4ca145a665316d3c020a39c0741780fa3636b9152b824206796c4dce541f4a24"
  name = "github.com/sethgrid/pester"
  packages = ["."]
  pruneopts = "UT"
  revision = "68a33a018ad0ac8266f272ec669307a1829c0486"

[[projects]]
  digest = "1:33a48129d0a0eeb790b9ccba3560d2bc191b023e14285369e9f7dfae1e22830a"
  name = "github.com/sirupsen/logrus"
  packages = [
    ".",
    "hooks/test",
  ]
  pruneopts = "UT"
  revision = "8bdbc7bcc01dcbb8ec23dc8a28e332258d25251f"
  version = "v1.4.1"

[[projects]]
  digest = "1:bb495ec276ab82d3dd08504bbc0594a65de8c3b22c6f2aaa92d05b73fbf3a82e"
  name = "github.com/spf13/afero"
  packages = [
    ".",
    "mem",
  ]
  pruneopts = "UT"
  revision = "588a75ec4f32903aa5e39a2619ba6a4631e28424"
  version = "v1.2.2"

[[projects]]
  digest = "1:08d65904057412fc0270fc4812a1c90c594186819243160dc779a402d4b6d0bc"
  name = "github.com/spf13/cast"
  packages = ["."]
  pruneopts = "UT"
  revision = "8c9545af88b134710ab1cd196795e7f2388358d7"
  version = "v1.3.0"

[[projects]]
  digest = "1:645cabccbb4fa8aab25a956cbcbdf6a6845ca736b2c64e197ca7cbb9d210b939"
  name = "github.com/spf13/cobra"
  packages = ["."]
  pruneopts = "UT"
  revision = "ef82de70bb3f60c65fb8eebacbb2d122ef517385"
  version = "v0.0.3"

[[projects]]
  digest = "1:1b753ec16506f5864d26a28b43703c58831255059644351bbcb019b843950900"
  name = "github.com/spf13/jwalterweatherman"
  packages = ["."]
  pruneopts = "UT"
  revision = "94f6ae3ed3bceceafa716478c5fbf8d29ca601a1"
  version = "v1.1.0"

[[projects]]
  digest = "1:c1b1102241e7f645bc8e0c22ae352e8f0dc6484b6cb4d132fa9f24174e0119e2"
  name = "github.com/spf13/pflag"
  packages = ["."]
  pruneopts = "UT"
  revision = "298182f68c66c05229eb03ac171abe6e309ee79a"
  version = "v1.0.3"

[[projects]]
  digest = "1:1b773526998f3dbde3a51a4a5881680c4d237d3600f570d900f97ac93c7ba0a8"
  name = "github.com/spf13/viper"
  packages = ["."]
  pruneopts = "UT"
  revision = "9e56dacc08fbbf8c9ee2dbc717553c758ce42bc9"
  version = "v1.3.2"

[[projects]]
  branch = "master"
  digest = "1:bc1635c25c8c01a2cc0df032f7c75620d28dcd4111248b1004c7574c51a2781c"
  name = "github.com/viniciuschiele/tarx"
  packages = ["."]
  pruneopts = "UT"
  revision = "6e3da540444d5fdf37d385434447dcbc51e7d0cb"

[[projects]]
  digest = "1:4c93890bbbb5016505e856cb06b5c5a2ff5b7217584d33f2a9071ebef4b5d473"
  name = "go.opencensus.io"
  packages = [
    ".",
    "internal",
    "internal/tagencoding",
    "metric/metricdata",
    "metric/metricproducer",
    "plugin/ocgrpc",
    "plugin/ochttp",
    "plugin/ochttp/propagation/b3",
    "plugin/ochttp/propagation/tracecontext",
    "resource",
    "stats",
    "stats/internal",
    "stats/view",
    "tag",
    "trace",
    "trace/internal",
    "trace/propagation",
    "trace/tracestate",
  ]
  pruneopts = "UT"
  revision = "43463a80402d8447b7fce0d2c58edf1687ff0b58"
  version = "v0.19.3"

[[projects]]
  branch = "master"
  digest = "1:bbe51412d9915d64ffaa96b51d409e070665efc5194fcf145c4a27d4133107a4"
  name = "golang.org/x/crypto"
  packages = ["ssh/terminal"]
  pruneopts = "UT"
  revision = "d864b10871cd4370fe574816b489c819c675ccc7"

[[projects]]
  branch = "master"
  digest = "1:68ad4c549c0def177e5146b40756b9e66d78b7276746023a12361de2f171ef41"
  name = "golang.org/x/net"
  packages = [
    "context",
    "context/ctxhttp",
    "http/httpguts",
    "http2",
    "http2/hpack",
    "idna",
    "internal/timeseries",
    "trace",
  ]
  pruneopts = "UT"
  revision = "afa5a82059c6356159f699d81beff22a81842231"

[[projects]]
  branch = "master"
  digest = "1:645cb780e4f3177111b40588f0a7f5950efcfb473e7ff41d8d81b2ba5eaa6ed5"
  name = "golang.org/x/oauth2"
  packages = [
    ".",
    "google",
    "internal",
    "jws",
    "jwt",
  ]
  pruneopts = "UT"
  revision = "9f3314589c9a9136388751d9adae6b0ed400978a"

[[projects]]
  branch = "master"
  digest = "1:a2fc247e64b5dafd3251f12d396ec85f163d5bb38763c4997856addddf6e78d8"
  name = "golang.org/x/sync"
  packages = [
    "errgroup",
    "semaphore",
  ]
  pruneopts = "UT"
  revision = "112230192c580c3556b8cee6403af37a4fc5f28c"

[[projects]]
  branch = "master"
  digest = "1:0b1c39a5f01b898239cc5c6ee20c6535cb2621685206a371d4a489477d75511b"
  name = "golang.org/x/sys"
  packages = [
    "unix",
    "windows",
  ]
  pruneopts = "UT"
  revision = "953cdadca894cdc07be76fc99f95b40c28f06623"

[[projects]]
  digest = "1:a2ab62866c75542dd18d2b069fec854577a20211d7c0ea6ae746072a1dccdd18"
  name = "golang.org/x/text"
  packages = [
    "collate",
    "collate/build",
    "internal/colltab",
    "internal/gen",
    "internal/tag",
    "internal/triegen",
    "internal/ucd",
    "language",
    "secure/bidirule",
    "transform",
    "unicode/bidi",
    "unicode/cldr",
    "unicode/norm",
    "unicode/rangetable",
  ]
  pruneopts = "UT"
  revision = "f21a4dfb5e38f5895301dc265a8def02365cc3d0"
  version = "v0.3.0"

[[projects]]
  branch = "master"
  digest = "1:9fdc2b55e8e0fafe4b41884091e51e77344f7dc511c5acedcfd98200003bff90"
  name = "golang.org/x/time"
  packages = ["rate"]
  pruneopts = "UT"
  revision = "9d24e82272b4f38b78bc8cff74fa936d31ccd8ef"

[[projects]]
  digest = "1:5f003878aabe31d7f6b842d4de32b41c46c214bb629bb485387dbcce1edf5643"
  name = "google.golang.org/api"
  packages = ["support/bundler"]
  pruneopts = "UT"
  revision = "0cbcb99a9ea0c8023c794b2693cbe1def82ed4d7"
  version = "v0.3.2"

[[projects]]
  digest = "1:04f2ff15fc59e1ddaf9900ad0e19e5b19586b31f9dafd4d592b617642b239d8f"
  name = "google.golang.org/appengine"
  packages = [
    ".",
    "internal",
    "internal/app_identity",
    "internal/base",
    "internal/datastore",
    "internal/log",
    "internal/modules",
    "internal/remote_api",
    "internal/urlfetch",
    "urlfetch",
  ]
  pruneopts = "UT"
  revision = "54a98f90d1c46b7731eb8fb305d2a321c30ef610"
  version = "v1.5.0"

[[projects]]
  branch = "master"
  digest = "1:5dc13cd8c0b417e12d187938d2ccb2348dda90f6d3d4a3d8402a40677a5ac982"
  name = "google.golang.org/genproto"
  packages = [
    "googleapis/api/httpbody",
    "googleapis/rpc/status",
    "protobuf/field_mask",
  ]
  pruneopts = "UT"
  revision = "e7d98fc518a78c9f8b5ee77be7b0b317475d89e1"

[[projects]]
  digest = "1:707c3a5d10ed430ea767d73df122d9eb3dfb6312bbacc9f2e39204390686d1d0"
  name = "google.golang.org/grpc"
  packages = [
    ".",
    "balancer",
    "balancer/base",
    "balancer/roundrobin",
    "binarylog/grpc_binarylog_v1",
    "codes",
    "connectivity",
    "credentials",
    "credentials/internal",
    "encoding",
    "encoding/proto",
    "grpclog",
    "internal",
    "internal/backoff",
    "internal/balancerload",
    "internal/binarylog",
    "internal/channelz",
    "internal/envconfig",
    "internal/grpcrand",
    "internal/grpcsync",
    "internal/syscall",
    "internal/transport",
    "keepalive",
    "metadata",
    "naming",
    "peer",
    "resolver",
    "resolver/dns",
    "resolver/passthrough",
    "stats",
    "status",
    "tap",
  ]
  pruneopts = "UT"
  revision = "25c4f928eaa6d96443009bd842389fb4fa48664e"
  version = "v1.20.1"

[[projects]]
  digest = "1:2d1fbdc6777e5408cabeb02bf336305e724b925ff4546ded0fa8715a7267922a"
  name = "gopkg.in/inf.v0"
  packages = ["."]
  pruneopts = "UT"
  revision = "d2d2541c53f18d2a059457998ce2876cc8e67cbf"
  version = "v0.9.1"

[[projects]]
  digest = "1:4d2e5a73dc1500038e504a8d78b986630e3626dc027bc030ba5c75da257cdb96"
  name = "gopkg.in/yaml.v2"
  packages = ["."]
  pruneopts = "UT"
  revision = "51d6538a90f86fe93ac480b35f37b2be17fef232"
  version = "v2.2.2"

[[projects]]
  branch = "release-1.14"
  digest = "1:86ad5797d1189de342ed6988fbb76b92dc0429a4d677ad69888d6137efa5712e"
  name = "k8s.io/api"
  packages = [
    "admissionregistration/v1beta1",
    "apps/v1",
    "apps/v1beta1",
    "apps/v1beta2",
    "auditregistration/v1alpha1",
    "authentication/v1",
    "authentication/v1beta1",
    "authorization/v1",
    "authorization/v1beta1",
    "autoscaling/v1",
    "autoscaling/v2beta1",
    "autoscaling/v2beta2",
    "batch/v1",
    "batch/v1beta1",
    "batch/v2alpha1",
    "certificates/v1beta1",
    "coordination/v1",
    "coordination/v1beta1",
    "core/v1",
    "events/v1beta1",
    "extensions/v1beta1",
    "networking/v1",
    "networking/v1beta1",
    "node/v1alpha1",
    "node/v1beta1",
    "policy/v1beta1",
    "rbac/v1",
    "rbac/v1alpha1",
    "rbac/v1beta1",
    "scheduling/v1",
    "scheduling/v1alpha1",
    "scheduling/v1beta1",
    "settings/v1alpha1",
    "storage/v1",
    "storage/v1alpha1",
    "storage/v1beta1",
  ]
  pruneopts = "UT"
  revision = "40a48860b5abbba9aa891b02b32da429b08d96a0"

[[projects]]
  branch = "release-1.14"
  digest = "1:37aa78f4d29d8b8e5189bcc2453261c943df49333220df43924a708957462eb1"
  name = "k8s.io/apimachinery"
  packages = [
    "pkg/api/errors",
    "pkg/api/meta",
    "pkg/api/resource",
    "pkg/apis/meta/v1",
    "pkg/apis/meta/v1/unstructured",
    "pkg/apis/meta/v1beta1",
    "pkg/conversion",
    "pkg/conversion/queryparams",
    "pkg/fields",
    "pkg/labels",
    "pkg/runtime",
    "pkg/runtime/schema",
    "pkg/runtime/serializer",
    "pkg/runtime/serializer/json",
    "pkg/runtime/serializer/protobuf",
    "pkg/runtime/serializer/recognizer",
    "pkg/runtime/serializer/streaming",
    "pkg/runtime/serializer/versioning",
    "pkg/selection",
    "pkg/types",
    "pkg/util/clock",
    "pkg/util/errors",
    "pkg/util/framer",
    "pkg/util/httpstream",
    "pkg/util/httpstream/spdy",
    "pkg/util/intstr",
    "pkg/util/json",
    "pkg/util/mergepatch",
    "pkg/util/naming",
    "pkg/util/net",
    "pkg/util/remotecommand",
    "pkg/util/runtime",
    "pkg/util/sets",
    "pkg/util/strategicpatch",
    "pkg/util/validation",
    "pkg/util/validation/field",
    "pkg/util/wait",
    "pkg/util/yaml",
    "pkg/version",
    "pkg/watch",
    "third_party/forked/golang/json",
    "third_party/forked/golang/netutil",
    "third_party/forked/golang/reflect",
  ]
  pruneopts = "UT"
  revision = "6a84e37a896db9780c75367af8d2ed2bb944022e"

[[projects]]
  branch = "release-11.0"
  digest = "1:89ffacce1f416e1ceaa3848c65e0da6db36c0250b5be5a9a9f2f28242a08c0e4"
  name = "k8s.io/client-go"
  packages = [
    "discovery",
    "discovery/fake",
    "dynamic",
    "kubernetes",
    "kubernetes/fake",
    "kubernetes/scheme",
    "kubernetes/typed/admissionregistration/v1beta1",
    "kubernetes/typed/admissionregistration/v1beta1/fake",
    "kubernetes/typed/apps/v1",
    "kubernetes/typed/apps/v1/fake",
    "kubernetes/typed/apps/v1beta1",
    "kubernetes/typed/apps/v1beta1/fake",
    "kubernetes/typed/apps/v1beta2",
    "kubernetes/typed/apps/v1beta2/fake",
    "kubernetes/typed/auditregistration/v1alpha1",
    "kubernetes/typed/auditregistration/v1alpha1/fake",
    "kubernetes/typed/authentication/v1",
    "kubernetes/typed/authentication/v1/fake",
    "kubernetes/typed/authentication/v1beta1",
    "kubernetes/typed/authentication/v1beta1/fake",
    "kubernetes/typed/authorization/v1",
    "kubernetes/typed/authorization/v1/fake",
    "kubernetes/typed/authorization/v1beta1",
    "kubernetes/typed/authorization/v1beta1/fake",
    "kubernetes/typed/autoscaling/v1",
    "kubernetes/typed/autoscaling/v1/fake",
    "kubernetes/typed/autoscaling/v2beta1",
    "kubernetes/typed/autoscaling/v2beta1/fake",
    "kubernetes/typed/autoscaling/v2beta2",
    "kubernetes/typed/autoscaling/v2beta2/fake",
    "kubernetes/typed/batch/v1",
    "kubernetes/typed/batch/v1/fake",
    "kubernetes/typed/batch/v1beta1",
    "kubernetes/typed/batch/v1beta1/fake",
    "kubernetes/typed/batch/v2alpha1",
    "kubernetes/typed/batch/v2alpha1/fake",
    "kubernetes/typed/certificates/v1beta1",
    "kubernetes/typed/certificates/v1beta1/fake",
    "kubernetes/typed/coordination/v1",
    "kubernetes/typed/coordination/v1/fake",
    "kubernetes/typed/coordination/v1beta1",
    "kubernetes/typed/coordination/v1beta1/fake",
    "kubernetes/typed/core/v1",
    "kubernetes/typed/core/v1/fake",
    "kubernetes/typed/events/v1beta1",
    "kubernetes/typed/events/v1beta1/fake",
    "kubernetes/typed/extensions/v1beta1",
    "kubernetes/typed/extensions/v1beta1/fake",
    "kubernetes/typed/networking/v1",
    "kubernetes/typed/networking/v1/fake",
    "kubernetes/typed/networking/v1beta1",
    "kubernetes/typed/networking/v1beta1/fake",
    "kubernetes/typed/node/v1alpha1",
    "kubernetes/typed/node/v1alpha1/fake",
    "kubernetes/typed/node/v1beta1",
    "kubernetes/typed/node/v1beta1/fake",
    "kubernetes/typed/policy/v1beta1",
    "kubernetes/typed/policy/v1beta1/fake",
    "kubernetes/typed/rbac/v1",
    "kubernetes/typed/rbac/v1/fake",
    "kubernetes/typed/rbac/v1alpha1",
    "kubernetes/typed/rbac/v1alpha1/fake",
    "kubernetes/typed/rbac/v1beta1",
    "kubernetes/typed/rbac/v1beta1/fake",
    "kubernetes/typed/scheduling/v1",
    "kubernetes/typed/scheduling/v1/fake",
    "kubernetes/typed/scheduling/v1alpha1",
    "kubernetes/typed/scheduling/v1alpha1/fake",
    "kubernetes/typed/scheduling/v1beta1",
    "kubernetes/typed/scheduling/v1beta1/fake",
    "kubernetes/typed/settings/v1alpha1",
    "kubernetes/typed/settings/v1alpha1/fake",
    "kubernetes/typed/storage/v1",
    "kubernetes/typed/storage/v1/fake",
    "kubernetes/typed/storage/v1alpha1",
    "kubernetes/typed/storage/v1alpha1/fake",
    "kubernetes/typed/storage/v1beta1",
    "kubernetes/typed/storage/v1beta1/fake",
    "pkg/apis/clientauthentication",
    "pkg/apis/clientauthentication/v1alpha1",
    "pkg/apis/clientauthentication/v1beta1",
    "pkg/version",
    "plugin/pkg/client/auth",
    "plugin/pkg/client/auth/azure",
    "plugin/pkg/client/auth/exec",
    "plugin/pkg/client/auth/gcp",
    "plugin/pkg/client/auth/oidc",
    "plugin/pkg/client/auth/openstack",
    "rest",
    "rest/watch",
    "restmapper",
    "testing",
    "third_party/forked/golang/template",
    "tools/auth",
    "tools/clientcmd",
    "tools/clientcmd/api",
    "tools/clientcmd/api/latest",
    "tools/clientcmd/api/v1",
    "tools/metrics",
    "tools/reference",
    "tools/remotecommand",
    "transport",
    "transport/spdy",
    "util/cert",
    "util/connrotation",
    "util/exec",
    "util/flowcontrol",
    "util/homedir",
    "util/jsonpath",
    "util/keyutil",
  ]
  pruneopts = "UT"
  revision = "6ee68ca5fd8355d024d02f9db0b3b667e8357a0f"

[[projects]]
  digest = "1:c696379ad201c1e86591785579e16bf6cf886c362e9a7534e8eb0d1028b20582"
  name = "k8s.io/klog"
  packages = ["."]
  pruneopts = "UT"
  revision = "e531227889390a39d9533dde61f590fe9f4b0035"
  version = "v0.3.0"

[[projects]]
  branch = "master"
  digest = "1:22abb5d4204ab1a0dcc9cda64906a31c43965ff5159e8b9f766c9d2a162dbed5"
  name = "k8s.io/kube-openapi"
  packages = ["pkg/util/proto"]
  pruneopts = "UT"
  revision = "db7b694dc208eead64d38030265f702db593fcf2"

[[projects]]
  branch = "master"
  digest = "1:8b40227d4bf8b431fdab4f9026e6e346f00ac3be5662af367a183f78c57660b3"
  name = "k8s.io/utils"
  packages = ["integer"]
  pruneopts = "UT"
  revision = "21c4ce38f2a793ec01e925ddc31216500183b773"

[[projects]]
  digest = "1:7719608fe0b52a4ece56c2dde37bedd95b938677d1ab0f84b8a7852e4c59f849"
  name = "sigs.k8s.io/yaml"
  packages = ["."]
  pruneopts = "UT"
  revision = "fd68e9863619f6ec2fdd8625fe1f02e7c877e480"
  version = "v1.1.0"

[solve-meta]
  analyzer-name = "dep"
  analyzer-version = 1
  input-imports = [
    "github.com/c2h5oh/datasize",
    "github.com/gorilla/mux",
    "github.com/hashicorp/go-version",
    "github.com/imdario/mergo",
    "github.com/kylelemons/godebug/pretty",
    "github.com/onsi/ginkgo/reporters",
    "github.com/pkg/errors",
    "github.com/rifflock/lfshook",
    "github.com/satori/go.uuid",
    "github.com/sethgrid/pester",
    "github.com/sirupsen/logrus",
    "github.com/sirupsen/logrus/hooks/test",
    "github.com/spf13/cobra",
    "github.com/spf13/pflag",
    "github.com/spf13/viper",
    "github.com/viniciuschiele/tarx",
    "golang.org/x/sync/errgroup",
    "gopkg.in/yaml.v2",
    "k8s.io/api/apps/v1",
    "k8s.io/api/core/v1",
    "k8s.io/api/rbac/v1",
    "k8s.io/apimachinery/pkg/api/errors",
    "k8s.io/apimachinery/pkg/api/meta",
    "k8s.io/apimachinery/pkg/apis/meta/v1",
    "k8s.io/apimachinery/pkg/apis/meta/v1/unstructured",
    "k8s.io/apimachinery/pkg/labels",
    "k8s.io/apimachinery/pkg/runtime",
    "k8s.io/apimachinery/pkg/runtime/schema",
    "k8s.io/apimachinery/pkg/runtime/serializer",
    "k8s.io/apimachinery/pkg/runtime/serializer/json",
    "k8s.io/apimachinery/pkg/types",
    "k8s.io/apimachinery/pkg/util/wait",
    "k8s.io/apimachinery/pkg/util/yaml",
    "k8s.io/apimachinery/pkg/version",
    "k8s.io/apimachinery/pkg/watch",
    "k8s.io/client-go/discovery",
    "k8s.io/client-go/dynamic",
    "k8s.io/client-go/kubernetes",
    "k8s.io/client-go/kubernetes/fake",
    "k8s.io/client-go/kubernetes/scheme",
    "k8s.io/client-go/plugin/pkg/client/auth",
    "k8s.io/client-go/rest",
    "k8s.io/client-go/restmapper",
    "k8s.io/client-go/testing",
    "k8s.io/client-go/tools/clientcmd",
    "k8s.io/client-go/tools/remotecommand",
    "k8s.io/client-go/util/exec",
    "k8s.io/klog",
  ]
  solver-name = "gps-cdcl"
  solver-version = 1
